
Microsoft Visual Studio Solution File, Format Version 12.00
# Visual Studio Version 16
VisualStudioVersion = 16.0.29209.62
MinimumVisualStudioVersion = 10.0.40219.1
Project("{FAE04EC0-301F-11D3-BF4B-00C04F79EFBC}") = "quanLyQuanCafeFinal", "quanLyQuanCafeFinal\quanLyQuanCafeFinal.csproj", "{BEB2641D-AE27-42AD-84A1-F3F4395CF547}"
EndProject
Global
	GlobalSection(SolutionConfigurationPlatforms) = preSolution
		Debug|Any CPU = Debug|Any CPU
		Release|Any CPU = Release|Any CPU
	EndGlobalSection
	GlobalSection(ProjectConfigurationPlatforms) = postSolution
		{BEB2641D-AE27-42AD-84A1-F3F4395CF547}.Debug|Any CPU.ActiveCfg = Debug|Any CPU
		{BEB2641D-AE27-42AD-84A1-F3F4395CF547}.Debug|Any CPU.Build.0 = Debug|Any CPU
		{BEB2641D-AE27-42AD-84A1-F3F4395CF547}.Release|Any CPU.ActiveCfg = Release|Any CPU
		{BEB2641D-AE27-42AD-84A1-F3F4395CF547}.Release|Any CPU.Build.0 = Release|Any CPU
	EndGlobalSection
	GlobalSection(SolutionProperties) = preSolution
		HideSolutionNode = FALSE
	EndGlobalSection
	GlobalSection(ExtensibilityGlobals) = postSolution
		SolutionGuid = {608A07C4-5C08-49C7-8F54-13946576868C}
	EndGlobalSection
EndGlobal
